
Microsoft Visual Studio Solution File, Format Version 12.00
# Visual Studio Version 16
VisualStudioVersion = 16.0.29001.49
MinimumVisualStudioVersion = 10.0.40219.1
Project("{8BC9CEB8-8B4A-11D0-8D11-00A0C91BC942}") = "RegSvrExt", "RegSvrExt\RegSvrExt.vcxproj", "{CAD28D67-9024-4147-B041-FF5883F14E76}"
EndProject
Project("{8BC9CEB8-8B4A-11D0-8D11-00A0C91BC942}") = "CppHelpers", "..\CppHelpers\CppHelpers\CppHelpers.vcxproj", "{AA5CD503-7447-4174-A71D-0FAD99E1E7D0}"
EndProject
Global
	GlobalSection(SolutionConfigurationPlatforms) = preSolution
		Debug|x64 = Debug|x64
		Release|x64 = Release|x64
	EndGlobalSection
	GlobalSection(ProjectConfigurationPlatforms) = postSolution
		{CAD28D67-9024-4147-B041-FF5883F14E76}.Debug|x64.ActiveCfg = Debug|x64
		{CAD28D67-9024-4147-B041-FF5883F14E76}.Debug|x64.Build.0 = Debug|x64
		{CAD28D67-9024-4147-B041-FF5883F14E76}.Release|x64.ActiveCfg = Release|x64
		{CAD28D67-9024-4147-B041-FF5883F14E76}.Release|x64.Build.0 = Release|x64
		{AA5CD503-7447-4174-A71D-0FAD99E1E7D0}.Debug|x64.ActiveCfg = Debug|x64
		{AA5CD503-7447-4174-A71D-0FAD99E1E7D0}.Debug|x64.Build.0 = Debug|x64
		{AA5CD503-7447-4174-A71D-0FAD99E1E7D0}.Release|x64.ActiveCfg = Release|x64
		{AA5CD503-7447-4174-A71D-0FAD99E1E7D0}.Release|x64.Build.0 = Release|x64
	EndGlobalSection
	GlobalSection(SolutionProperties) = preSolution
		HideSolutionNode = FALSE
	EndGlobalSection
	GlobalSection(ExtensibilityGlobals) = postSolution
		SolutionGuid = {FB8C7B04-401C-48FE-BFDB-06C63058ED2A}
	EndGlobalSection
EndGlobal
